
Microsoft Visual Studio Solution File, Format Version 12.00
# Visual Studio Version 17
VisualStudioVersion = 17.3.32819.101
MinimumVisualStudioVersion = 10.0.40219.1
Project("{FAE04EC0-301F-11D3-BF4B-00C04F79EFBC}") = "peractice app", "peractice app\peractice app.csproj", "{34F5D42C-366E-4E5E-9401-933274FDAF5B}"
EndProject
Global
	GlobalSection(SolutionConfigurationPlatforms) = preSolution
		Debug|Any CPU = Debug|Any CPU
		Release|Any CPU = Release|Any CPU
	EndGlobalSection
	GlobalSection(ProjectConfigurationPlatforms) = postSolution
		{34F5D42C-366E-4E5E-9401-933274FDAF5B}.Debug|Any CPU.ActiveCfg = Debug|Any CPU
		{34F5D42C-366E-4E5E-9401-933274FDAF5B}.Debug|Any CPU.Build.0 = Debug|Any CPU
		{34F5D42C-366E-4E5E-9401-933274FDAF5B}.Release|Any CPU.ActiveCfg = Release|Any CPU
		{34F5D42C-366E-4E5E-9401-933274FDAF5B}.Release|Any CPU.Build.0 = Release|Any CPU
	EndGlobalSection
	GlobalSection(SolutionProperties) = preSolution
		HideSolutionNode = FALSE
	EndGlobalSection
	GlobalSection(ExtensibilityGlobals) = postSolution
		SolutionGuid = {F2798135-CC75-429C-BB51-DABB2914EC8D}
	EndGlobalSection
EndGlobal
